
Microsoft Visual Studio Solution File, Format Version 12.00
# Visual Studio Version 17
VisualStudioVersion = 17.3.32929.385
MinimumVisualStudioVersion = 10.0.40219.1
Project("{FAE04EC0-301F-11D3-BF4B-00C04F79EFBC}") = "Load from File", "Load from File.csproj", "{DA1B8C98-68EA-4209-ACC5-E75652D69091}"
EndProject
Global
	GlobalSection(SolutionConfigurationPlatforms) = preSolution
		Debug|Any CPU = Debug|Any CPU
		Release|Any CPU = Release|Any CPU
	EndGlobalSection
	GlobalSection(ProjectConfigurationPlatforms) = postSolution
		{DA1B8C98-68EA-4209-ACC5-E75652D69091}.Debug|Any CPU.ActiveCfg = Debug|Any CPU
		{DA1B8C98-68EA-4209-ACC5-E75652D69091}.Debug|Any CPU.Build.0 = Debug|Any CPU
		{DA1B8C98-68EA-4209-ACC5-E75652D69091}.Release|Any CPU.ActiveCfg = Release|Any CPU
		{DA1B8C98-68EA-4209-ACC5-E75652D69091}.Release|Any CPU.Build.0 = Release|Any CPU
	EndGlobalSection
	GlobalSection(SolutionProperties) = preSolution
		HideSolutionNode = FALSE
	EndGlobalSection
	GlobalSection(ExtensibilityGlobals) = postSolution
		SolutionGuid = {82FF0B30-1BDE-4E47-A68B-7C2068AF2030}
	EndGlobalSection
EndGlobal
